
Microsoft Visual Studio Solution File, Format Version 12.00
# Visual Studio 15
Project("{FAE04EC0-301F-11D3-BF4B-00C04F79EFBC}") = "com.unity.multiplayer-hlapi.Runtime", "com.unity.multiplayer-hlapi.Runtime.csproj", "{824FEA89-CE53-294B-60A4-7B16B91D9A98}"
EndProject
Project("{FAE04EC0-301F-11D3-BF4B-00C04F79EFBC}") = "UnityEngine.UI", "UnityEngine.UI.csproj", "{9886949C-FF07-479E-0F4B-174E43AD7BBD}"
EndProject
Project("{FAE04EC0-301F-11D3-BF4B-00C04F79EFBC}") = "Assembly-CSharp", "Assembly-CSharp.csproj", "{316F7BF5-6739-C9F4-AA25-E77E8376256F}"
EndProject
Project("{FAE04EC0-301F-11D3-BF4B-00C04F79EFBC}") = "UnityEngine.TestRunner", "UnityEngine.TestRunner.csproj", "{34A7F1D6-C68A-AB0D-B798-B0B7FE86ECE6}"
EndProject
Project("{FAE04EC0-301F-11D3-BF4B-00C04F79EFBC}") = "Unity.Timeline", "Unity.Timeline.csproj", "{D2F74EC7-AB3F-02F4-1C8D-C30FB89234C7}"
EndProject
Project("{FAE04EC0-301F-11D3-BF4B-00C04F79EFBC}") = "Assembly-CSharp-firstpass", "Assembly-CSharp-firstpass.csproj", "{0F2286AF-69DC-0E0C-A27F-43822CA0BD9C}"
EndProject
Project("{FAE04EC0-301F-11D3-BF4B-00C04F79EFBC}") = "Unity.TextMeshPro", "Unity.TextMeshPro.csproj", "{C776FD75-E567-F2F5-4994-64457DA3EF24}"
EndProject
Project("{FAE04EC0-301F-11D3-BF4B-00C04F79EFBC}") = "UnityEditor.TestRunner", "UnityEditor.TestRunner.csproj", "{B9F3141D-9657-B502-6D54-5E04A88BC316}"
EndProject
Project("{FAE04EC0-301F-11D3-BF4B-00C04F79EFBC}") = "Unity.PlasticSCM.Editor", "Unity.PlasticSCM.Editor.csproj", "{5DACCB4E-DFBF-59D3-EBE3-C5DCD3CB0485}"
EndProject
Project("{FAE04EC0-301F-11D3-BF4B-00C04F79EFBC}") = "UnityEditor.UI", "UnityEditor.UI.csproj", "{43490CED-43F9-38E5-D81E-4AE37701D413}"
EndProject
Project("{FAE04EC0-301F-11D3-BF4B-00C04F79EFBC}") = "Unity.Timeline.Editor", "Unity.Timeline.Editor.csproj", "{60AADD28-48C4-8987-84E9-9F6C62F561C2}"
EndProject
Project("{FAE04EC0-301F-11D3-BF4B-00C04F79EFBC}") = "Unity.VisualStudio.Editor", "Unity.VisualStudio.Editor.csproj", "{2C2BECD4-605F-A749-F77C-AC4AA7F0428A}"
EndProject
Project("{FAE04EC0-301F-11D3-BF4B-00C04F79EFBC}") = "Unity.TextMeshPro.Editor", "Unity.TextMeshPro.Editor.csproj", "{5B88A8A0-2ECC-9F12-1400-01CE0C071AB9}"
EndProject
Project("{FAE04EC0-301F-11D3-BF4B-00C04F79EFBC}") = "Unity.CollabProxy.Editor", "Unity.CollabProxy.Editor.csproj", "{8C2DECFF-8199-9DA7-22D0-9889CDC06C35}"
EndProject
Project("{FAE04EC0-301F-11D3-BF4B-00C04F79EFBC}") = "com.unity.multiplayer-weaver.Editor", "com.unity.multiplayer-weaver.Editor.csproj", "{3EA81CFE-6597-29C2-97EC-ADF4AFCFB86F}"
EndProject
Project("{FAE04EC0-301F-11D3-BF4B-00C04F79EFBC}") = "Assembly-CSharp-Editor", "Assembly-CSharp-Editor.csproj", "{32E862EB-3602-E8C5-25DE-945160459482}"
EndProject
Project("{FAE04EC0-301F-11D3-BF4B-00C04F79EFBC}") = "Unity.Rider.Editor", "Unity.Rider.Editor.csproj", "{B87C38A9-E91D-07CD-D887-E4B8426DAF94}"
EndProject
Project("{FAE04EC0-301F-11D3-BF4B-00C04F79EFBC}") = "com.unity.multiplayer-hlapi.Editor", "com.unity.multiplayer-hlapi.Editor.csproj", "{4892869D-22C3-5AAB-9863-246E741E531A}"
EndProject
Project("{FAE04EC0-301F-11D3-BF4B-00C04F79EFBC}") = "Unity.VSCode.Editor", "Unity.VSCode.Editor.csproj", "{C883E3F5-EB08-0F98-7240-92670F783CD2}"
EndProject
Project("{FAE04EC0-301F-11D3-BF4B-00C04F79EFBC}") = "com.unity.multiplayer-hlapi.Runtime", "com.unity.multiplayer-hlapi.Runtime.Player.csproj", "{4589CC21-F7D0-F1CA-63F9-DC1E82069A3D}"
EndProject
Project("{FAE04EC0-301F-11D3-BF4B-00C04F79EFBC}") = "UnityEngine.UI", "UnityEngine.UI.Player.csproj", "{60BAC0D1-BB23-8845-5598-F6E1649E3A30}"
EndProject
Project("{FAE04EC0-301F-11D3-BF4B-00C04F79EFBC}") = "Assembly-CSharp", "Assembly-CSharp.Player.csproj", "{398F96F0-4E2B-AC2C-843C-79E81D8A43D4}"
EndProject
Project("{FAE04EC0-301F-11D3-BF4B-00C04F79EFBC}") = "UnityEngine.TestRunner", "UnityEngine.TestRunner.Player.csproj", "{BE1143E1-086C-E1DC-0692-EC97F25715C2}"
EndProject
Project("{FAE04EC0-301F-11D3-BF4B-00C04F79EFBC}") = "Unity.Timeline", "Unity.Timeline.Player.csproj", "{6C44FBB4-83EC-A9A3-1EF6-C384DD151D96}"
EndProject
Project("{FAE04EC0-301F-11D3-BF4B-00C04F79EFBC}") = "Assembly-CSharp-firstpass", "Assembly-CSharp-firstpass.Player.csproj", "{0F433D25-D327-2230-BC86-55CC1873A878}"
EndProject
Project("{FAE04EC0-301F-11D3-BF4B-00C04F79EFBC}") = "Unity.TextMeshPro", "Unity.TextMeshPro.Player.csproj", "{16191D2E-733F-A10D-9020-DC1D656BBD0B}"
EndProject
Global
	GlobalSection(SolutionConfigurationPlatforms) = preSolution
		Debug|Any CPU = Debug|Any CPU
		Release|Any CPU = Release|Any CPU
	EndGlobalSection
	GlobalSection(ProjectConfigurationPlatforms) = postSolution
		{824FEA89-CE53-294B-60A4-7B16B91D9A98}.Debug|Any CPU.ActiveCfg = Debug|Any CPU
		{824FEA89-CE53-294B-60A4-7B16B91D9A98}.Debug|Any CPU.Build.0 = Debug|Any CPU
		{824FEA89-CE53-294B-60A4-7B16B91D9A98}.Release|Any CPU.ActiveCfg = Release|Any CPU
		{824FEA89-CE53-294B-60A4-7B16B91D9A98}.Release|Any CPU.Build.0 = Release|Any CPU
		{9886949C-FF07-479E-0F4B-174E43AD7BBD}.Debug|Any CPU.ActiveCfg = Debug|Any CPU
		{9886949C-FF07-479E-0F4B-174E43AD7BBD}.Debug|Any CPU.Build.0 = Debug|Any CPU
		{9886949C-FF07-479E-0F4B-174E43AD7BBD}.Release|Any CPU.ActiveCfg = Release|Any CPU
		{9886949C-FF07-479E-0F4B-174E43AD7BBD}.Release|Any CPU.Build.0 = Release|Any CPU
		{316F7BF5-6739-C9F4-AA25-E77E8376256F}.Debug|Any CPU.ActiveCfg = Debug|Any CPU
		{316F7BF5-6739-C9F4-AA25-E77E8376256F}.Debug|Any CPU.Build.0 = Debug|Any CPU
		{316F7BF5-6739-C9F4-AA25-E77E8376256F}.Release|Any CPU.ActiveCfg = Release|Any CPU
		{316F7BF5-6739-C9F4-AA25-E77E8376256F}.Release|Any CPU.Build.0 = Release|Any CPU
		{34A7F1D6-C68A-AB0D-B798-B0B7FE86ECE6}.Debug|Any CPU.ActiveCfg = Debug|Any CPU
		{34A7F1D6-C68A-AB0D-B798-B0B7FE86ECE6}.Debug|Any CPU.Build.0 = Debug|Any CPU
		{34A7F1D6-C68A-AB0D-B798-B0B7FE86ECE6}.Release|Any CPU.ActiveCfg = Release|Any CPU
		{34A7F1D6-C68A-AB0D-B798-B0B7FE86ECE6}.Release|Any CPU.Build.0 = Release|Any CPU
		{D2F74EC7-AB3F-02F4-1C8D-C30FB89234C7}.Debug|Any CPU.ActiveCfg = Debug|Any CPU
		{D2F74EC7-AB3F-02F4-1C8D-C30FB89234C7}.Debug|Any CPU.Build.0 = Debug|Any CPU
		{D2F74EC7-AB3F-02F4-1C8D-C30FB89234C7}.Release|Any CPU.ActiveCfg = Release|Any CPU
		{D2F74EC7-AB3F-02F4-1C8D-C30FB89234C7}.Release|Any CPU.Build.0 = Release|Any CPU
		{0F2286AF-69DC-0E0C-A27F-43822CA0BD9C}.Debug|Any CPU.ActiveCfg = Debug|Any CPU
		{0F2286AF-69DC-0E0C-A27F-43822CA0BD9C}.Debug|Any CPU.Build.0 = Debug|Any CPU
		{0F2286AF-69DC-0E0C-A27F-43822CA0BD9C}.Release|Any CPU.ActiveCfg = Release|Any CPU
		{0F2286AF-69DC-0E0C-A27F-43822CA0BD9C}.Release|Any CPU.Build.0 = Release|Any CPU
		{C776FD75-E567-F2F5-4994-64457DA3EF24}.Debug|Any CPU.ActiveCfg = Debug|Any CPU
		{C776FD75-E567-F2F5-4994-64457DA3EF24}.Debug|Any CPU.Build.0 = Debug|Any CPU
		{C776FD75-E567-F2F5-4994-64457DA3EF24}.Release|Any CPU.ActiveCfg = Release|Any CPU
		{C776FD75-E567-F2F5-4994-64457DA3EF24}.Release|Any CPU.Build.0 = Release|Any CPU
		{B9F3141D-9657-B502-6D54-5E04A88BC316}.Debug|Any CPU.ActiveCfg = Debug|Any CPU
		{B9F3141D-9657-B502-6D54-5E04A88BC316}.Debug|Any CPU.Build.0 = Debug|Any CPU
		{B9F3141D-9657-B502-6D54-5E04A88BC316}.Release|Any CPU.ActiveCfg = Release|Any CPU
		{B9F3141D-9657-B502-6D54-5E04A88BC316}.Release|Any CPU.Build.0 = Release|Any CPU
		{5DACCB4E-DFBF-59D3-EBE3-C5DCD3CB0485}.Debug|Any CPU.ActiveCfg = Debug|Any CPU
		{5DACCB4E-DFBF-59D3-EBE3-C5DCD3CB0485}.Debug|Any CPU.Build.0 = Debug|Any CPU
		{5DACCB4E-DFBF-59D3-EBE3-C5DCD3CB0485}.Release|Any CPU.ActiveCfg = Release|Any CPU
		{5DACCB4E-DFBF-59D3-EBE3-C5DCD3CB0485}.Release|Any CPU.Build.0 = Release|Any CPU
		{43490CED-43F9-38E5-D81E-4AE37701D413}.Debug|Any CPU.ActiveCfg = Debug|Any CPU
		{43490CED-43F9-38E5-D81E-4AE37701D413}.Debug|Any CPU.Build.0 = Debug|Any CPU
		{43490CED-43F9-38E5-D81E-4AE37701D413}.Release|Any CPU.ActiveCfg = Release|Any CPU
		{43490CED-43F9-38E5-D81E-4AE37701D413}.Release|Any CPU.Build.0 = Release|Any CPU
		{60AADD28-48C4-8987-84E9-9F6C62F561C2}.Debug|Any CPU.ActiveCfg = Debug|Any CPU
		{60AADD28-48C4-8987-84E9-9F6C62F561C2}.Debug|Any CPU.Build.0 = Debug|Any CPU
		{60AADD28-48C4-8987-84E9-9F6C62F561C2}.Release|Any CPU.ActiveCfg = Release|Any CPU
		{60AADD28-48C4-8987-84E9-9F6C62F561C2}.Release|Any CPU.Build.0 = Release|Any CPU
		{2C2BECD4-605F-A749-F77C-AC4AA7F0428A}.Debug|Any CPU.ActiveCfg = Debug|Any CPU
		{2C2BECD4-605F-A749-F77C-AC4AA7F0428A}.Debug|Any CPU.Build.0 = Debug|Any CPU
		{2C2BECD4-605F-A749-F77C-AC4AA7F0428A}.Release|Any CPU.ActiveCfg = Release|Any CPU
		{2C2BECD4-605F-A749-F77C-AC4AA7F0428A}.Release|Any CPU.Build.0 = Release|Any CPU
		{5B88A8A0-2ECC-9F12-1400-01CE0C071AB9}.Debug|Any CPU.ActiveCfg = Debug|Any CPU
		{5B88A8A0-2ECC-9F12-1400-01CE0C071AB9}.Debug|Any CPU.Build.0 = Debug|Any CPU
		{5B88A8A0-2ECC-9F12-1400-01CE0C071AB9}.Release|Any CPU.ActiveCfg = Release|Any CPU
		{5B88A8A0-2ECC-9F12-1400-01CE0C071AB9}.Release|Any CPU.Build.0 = Release|Any CPU
		{8C2DECFF-8199-9DA7-22D0-9889CDC06C35}.Debug|Any CPU.ActiveCfg = Debug|Any CPU
		{8C2DECFF-8199-9DA7-22D0-9889CDC06C35}.Debug|Any CPU.Build.0 = Debug|Any CPU
		{8C2DECFF-8199-9DA7-22D0-9889CDC06C35}.Release|Any CPU.ActiveCfg = Release|Any CPU
		{8C2DECFF-8199-9DA7-22D0-9889CDC06C35}.Release|Any CPU.Build.0 = Release|Any CPU
		{3EA81CFE-6597-29C2-97EC-ADF4AFCFB86F}.Debug|Any CPU.ActiveCfg = Debug|Any CPU
		{3EA81CFE-6597-29C2-97EC-ADF4AFCFB86F}.Debug|Any CPU.Build.0 = Debug|Any CPU
		{3EA81CFE-6597-29C2-97EC-ADF4AFCFB86F}.Release|Any CPU.ActiveCfg = Release|Any CPU
		{3EA81CFE-6597-29C2-97EC-ADF4AFCFB86F}.Release|Any CPU.Build.0 = Release|Any CPU
		{32E862EB-3602-E8C5-25DE-945160459482}.Debug|Any CPU.ActiveCfg = Debug|Any CPU
		{32E862EB-3602-E8C5-25DE-945160459482}.Debug|Any CPU.Build.0 = Debug|Any CPU
		{32E862EB-3602-E8C5-25DE-945160459482}.Release|Any CPU.ActiveCfg = Release|Any CPU
		{32E862EB-3602-E8C5-25DE-945160459482}.Release|Any CPU.Build.0 = Release|Any CPU
		{B87C38A9-E91D-07CD-D887-E4B8426DAF94}.Debug|Any CPU.ActiveCfg = Debug|Any CPU
		{B87C38A9-E91D-07CD-D887-E4B8426DAF94}.Debug|Any CPU.Build.0 = Debug|Any CPU
		{B87C38A9-E91D-07CD-D887-E4B8426DAF94}.Release|Any CPU.ActiveCfg = Release|Any CPU
		{B87C38A9-E91D-07CD-D887-E4B8426DAF94}.Release|Any CPU.Build.0 = Release|Any CPU
		{4892869D-22C3-5AAB-9863-246E741E531A}.Debug|Any CPU.ActiveCfg = Debug|Any CPU
		{4892869D-22C3-5AAB-9863-246E741E531A}.Debug|Any CPU.Build.0 = Debug|Any CPU
		{4892869D-22C3-5AAB-9863-246E741E531A}.Release|Any CPU.ActiveCfg = Release|Any CPU
		{4892869D-22C3-5AAB-9863-246E741E531A}.Release|Any CPU.Build.0 = Release|Any CPU
		{C883E3F5-EB08-0F98-7240-92670F783CD2}.Debug|Any CPU.ActiveCfg = Debug|Any CPU
		{C883E3F5-EB08-0F98-7240-92670F783CD2}.Debug|Any CPU.Build.0 = Debug|Any CPU
		{C883E3F5-EB08-0F98-7240-92670F783CD2}.Release|Any CPU.ActiveCfg = Release|Any CPU
		{C883E3F5-EB08-0F98-7240-92670F783CD2}.Release|Any CPU.Build.0 = Release|Any CPU
		{4589CC21-F7D0-F1CA-63F9-DC1E82069A3D}.Debug|Any CPU.ActiveCfg = Debug|Any CPU
		{4589CC21-F7D0-F1CA-63F9-DC1E82069A3D}.Debug|Any CPU.Build.0 = Debug|Any CPU
		{4589CC21-F7D0-F1CA-63F9-DC1E82069A3D}.Release|Any CPU.ActiveCfg = Release|Any CPU
		{4589CC21-F7D0-F1CA-63F9-DC1E82069A3D}.Release|Any CPU.Build.0 = Release|Any CPU
		{60BAC0D1-BB23-8845-5598-F6E1649E3A30}.Debug|Any CPU.ActiveCfg = Debug|Any CPU
		{60BAC0D1-BB23-8845-5598-F6E1649E3A30}.Debug|Any CPU.Build.0 = Debug|Any CPU
		{60BAC0D1-BB23-8845-5598-F6E1649E3A30}.Release|Any CPU.ActiveCfg = Release|Any CPU
		{60BAC0D1-BB23-8845-5598-F6E1649E3A30}.Release|Any CPU.Build.0 = Release|Any CPU
		{398F96F0-4E2B-AC2C-843C-79E81D8A43D4}.Debug|Any CPU.ActiveCfg = Debug|Any CPU
		{398F96F0-4E2B-AC2C-843C-79E81D8A43D4}.Debug|Any CPU.Build.0 = Debug|Any CPU
		{398F96F0-4E2B-AC2C-843C-79E81D8A43D4}.Release|Any CPU.ActiveCfg = Release|Any CPU
		{398F96F0-4E2B-AC2C-843C-79E81D8A43D4}.Release|Any CPU.Build.0 = Release|Any CPU
		{BE1143E1-086C-E1DC-0692-EC97F25715C2}.Debug|Any CPU.ActiveCfg = Debug|Any CPU
		{BE1143E1-086C-E1DC-0692-EC97F25715C2}.Debug|Any CPU.Build.0 = Debug|Any CPU
		{BE1143E1-086C-E1DC-0692-EC97F25715C2}.Release|Any CPU.ActiveCfg = Release|Any CPU
		{BE1143E1-086C-E1DC-0692-EC97F25715C2}.Release|Any CPU.Build.0 = Release|Any CPU
		{6C44FBB4-83EC-A9A3-1EF6-C384DD151D96}.Debug|Any CPU.ActiveCfg = Debug|Any CPU
		{6C44FBB4-83EC-A9A3-1EF6-C384DD151D96}.Debug|Any CPU.Build.0 = Debug|Any CPU
		{6C44FBB4-83EC-A9A3-1EF6-C384DD151D96}.Release|Any CPU.ActiveCfg = Release|Any CPU
		{6C44FBB4-83EC-A9A3-1EF6-C384DD151D96}.Release|Any CPU.Build.0 = Release|Any CPU
		{0F433D25-D327-2230-BC86-55CC1873A878}.Debug|Any CPU.ActiveCfg = Debug|Any CPU
		{0F433D25-D327-2230-BC86-55CC1873A878}.Debug|Any CPU.Build.0 = Debug|Any CPU
		{0F433D25-D327-2230-BC86-55CC1873A878}.Release|Any CPU.ActiveCfg = Release|Any CPU
		{0F433D25-D327-2230-BC86-55CC1873A878}.Release|Any CPU.Build.0 = Release|Any CPU
		{16191D2E-733F-A10D-9020-DC1D656BBD0B}.Debug|Any CPU.ActiveCfg = Debug|Any CPU
		{16191D2E-733F-A10D-9020-DC1D656BBD0B}.Debug|Any CPU.Build.0 = Debug|Any CPU
		{16191D2E-733F-A10D-9020-DC1D656BBD0B}.Release|Any CPU.ActiveCfg = Release|Any CPU
		{16191D2E-733F-A10D-9020-DC1D656BBD0B}.Release|Any CPU.Build.0 = Release|Any CPU
	EndGlobalSection
	GlobalSection(SolutionProperties) = preSolution
		HideSolutionNode = FALSE
	EndGlobalSection
EndGlobal
